
Microsoft Visual Studio Solution File, Format Version 12.00
# Visual Studio Version 17
VisualStudioVersion = 17.14.36119.2
MinimumVisualStudioVersion = 10.0.40219.1
Project("{FAE04EC0-301F-11D3-BF4B-00C04F79EFBC}") = "TrainingApp.API", "TrainingTracker\TrainingApp.API.csproj", "{44070414-BD42-45D5-918D-1A3E72F123BA}"
EndProject
Global
	GlobalSection(SolutionConfigurationPlatforms) = preSolution
		Debug|Any CPU = Debug|Any CPU
		Release|Any CPU = Release|Any CPU
	EndGlobalSection
	GlobalSection(ProjectConfigurationPlatforms) = postSolution
		{44070414-BD42-45D5-918D-1A3E72F123BA}.Debug|Any CPU.ActiveCfg = Debug|Any CPU
		{44070414-BD42-45D5-918D-1A3E72F123BA}.Debug|Any CPU.Build.0 = Debug|Any CPU
		{44070414-BD42-45D5-918D-1A3E72F123BA}.Release|Any CPU.ActiveCfg = Release|Any CPU
		{44070414-BD42-45D5-918D-1A3E72F123BA}.Release|Any CPU.Build.0 = Release|Any CPU
	EndGlobalSection
	GlobalSection(SolutionProperties) = preSolution
		HideSolutionNode = FALSE
	EndGlobalSection
	GlobalSection(ExtensibilityGlobals) = postSolution
		SolutionGuid = {0942FBD0-0CD6-424D-A21B-330E6257D8D9}
	EndGlobalSection
EndGlobal
